// !$*UTF8*$!
{
	archiveVersion = 1;
	classes = {
	};
	objectVersion = 77;
	objects = {

/* Begin PBXBuildFile section */
		0A5B1C0000026130BB11B5BE /* kernels_llm in Frameworks */ = {isa = PBXBuildFile; productRef = F2F2A8942501B44FD74F06D0 /* kernels_llm */; };
		0B84BFD4FD22D8DD7E67E04E /* kernels_optimized in Frameworks */ = {isa = PBXBuildFile; productRef = 94E0BEAFA16C6763A28522EB /* kernels_optimized */; };
		0F82181CAC39B256ECB79580 /* BenchmarkTask.swift in Sources */ = {isa = PBXBuildFile; fileRef = 59D10CD171A7FE9EF1BB369F /* BenchmarkTask.swift */; };
		100A9D75956A32FC2BA2C1F2 /* BenchmarkResult.swift in Sources */ = {isa = PBXBuildFile; fileRef = 2F6CAC41B79737975D3977D7 /* BenchmarkResult.swift */; };
		112E2A29A4EEA42B9F7D6444 /* Assets.xcassets in Resources */ = {isa = PBXBuildFile; fileRef = 1E86895F4C4C799B493D115C /* Assets.xcassets */; };
		1DE99C97463A3023A68C459C /* AnemllCore in Frameworks */ = {isa = PBXBuildFile; productRef = F472A90A338D866AA59AA6CC /* AnemllCore */; };
		233E07CCDFD38F03A7808A08 /* BenchmarkResult.swift in Sources */ = {isa = PBXBuildFile; fileRef = 2F6CAC41B79737975D3977D7 /* BenchmarkResult.swift */; };
		235129CA3670027E3887200D /* BenchmarkTask.swift in Sources */ = {isa = PBXBuildFile; fileRef = 59D10CD171A7FE9EF1BB369F /* BenchmarkTask.swift */; };
		23EE8DBC664CEB898C2405B1 /* CoreMLLLM in Frameworks */ = {isa = PBXBuildFile; productRef = 1FD8537D6751D093C80921A9 /* CoreMLLLM */; };
		26A60402AE5BEF83F2FDAA7D /* LlamaCppRuntime.swift in Sources */ = {isa = PBXBuildFile; fileRef = 1F54149AFF1D39F2B9377885 /* LlamaCppRuntime.swift */; };
		296689A741B674A7612FC0ED /* SustainedGenerationTask.swift in Sources */ = {isa = PBXBuildFile; fileRef = DDC21ED32AE3215BD9BAB3DC /* SustainedGenerationTask.swift */; };
		2DCF41D723588916BF29D8F0 /* executorch in Frameworks */ = {isa = PBXBuildFile; productRef = 10A02929ED5A1A7DF466BDD6 /* executorch */; };
		2E8B509B84C74A6A850BF4D4 /* LLMRuntime.swift in Sources */ = {isa = PBXBuildFile; fileRef = 42CEC963B0C412A01CB78853 /* LLMRuntime.swift */; };
		2EC1A49EB3F96A59AD0345D1 /* HFDownloader.swift in Sources */ = {isa = PBXBuildFile; fileRef = F5235B8E78B06C2870291FF5 /* HFDownloader.swift */; };
		3265BD866E12254B5F9D02D5 /* AboutView.swift in Sources */ = {isa = PBXBuildFile; fileRef = A6340DF01289DE1C8F23AA39 /* AboutView.swift */; };
		365ACCF96B78A7F412A50860 /* BenchmarkRunner.swift in Sources */ = {isa = PBXBuildFile; fileRef = 0C069A3D837A8C235381A361 /* BenchmarkRunner.swift */; };
		38D2EEF177543768A564B297 /* RuntimeKind.swift in Sources */ = {isa = PBXBuildFile; fileRef = 43A2757B6113092D68EC4F94 /* RuntimeKind.swift */; };
		3C7056AF1BA49ED29DEFDB81 /* MLXLMCommon in Frameworks */ = {isa = PBXBuildFile; productRef = 5EDC2498FDF127EF2101F26B /* MLXLMCommon */; };
		3E842913FD7699AD530BCBFF /* Transformers in Frameworks */ = {isa = PBXBuildFile; productRef = 41522D438C797371055C13FC /* Transformers */; };
		4093906B51F58C8ECBC1A23B /* llama.xcframework in Frameworks */ = {isa = PBXBuildFile; fileRef = B39105E2687FD536226E700E /* llama.xcframework */; };
		40D04B05A0566F3D0E326DB7 /* ExecuTorchRuntime.swift in Sources */ = {isa = PBXBuildFile; fileRef = 8A1FDA1BD8CFFB6E92798B22 /* ExecuTorchRuntime.swift */; };
		44D7562FCF98BE91F2694784 /* MLXLLM in Frameworks */ = {isa = PBXBuildFile; productRef = 41C557F6CC8047D69B9A3EF5 /* MLXLLM */; };
		4766D15ABA21C6FF5EBBCDB8 /* MediaPipeRuntime.swift in Sources */ = {isa = PBXBuildFile; fileRef = 4EACC554115BC9411C3D83F1 /* MediaPipeRuntime.swift */; };
		4A9DE6A543D868FB71A41A02 /* MLXRuntime.swift in Sources */ = {isa = PBXBuildFile; fileRef = 9F4F079AF5934BDEE412984B /* MLXRuntime.swift */; };
		4C7A81F47EB282F5B3B84166 /* ThermalMonitor.swift in Sources */ = {isa = PBXBuildFile; fileRef = 07DBDFD928C557A5352D613E /* ThermalMonitor.swift */; };
		4D5CECB4C50714A3B928F66C /* AnemllRuntime.swift in Sources */ = {isa = PBXBuildFile; fileRef = 46BF89FC5DAB913F5DC74C99 /* AnemllRuntime.swift */; };
		52F23D827122805FEDBBDA29 /* DeviceSnapshot.swift in Sources */ = {isa = PBXBuildFile; fileRef = 6978D6BB9139052EA83F5605 /* DeviceSnapshot.swift */; };
		531015CDC40AD8F9995AE7F7 /* AnemllRuntime.swift in Sources */ = {isa = PBXBuildFile; fileRef = 46BF89FC5DAB913F5DC74C99 /* AnemllRuntime.swift */; };
		584FCFB61598A0F55B3649E2 /* ExecuTorchRuntime.swift in Sources */ = {isa = PBXBuildFile; fileRef = 8A1FDA1BD8CFFB6E92798B22 /* ExecuTorchRuntime.swift */; };
		59BA60639CE894516CE31D7A /* CoreMLLLM in Frameworks */ = {isa = PBXBuildFile; productRef = E5271977FC951DC7C5EA72BD /* CoreMLLLM */; };
		5D0D63767498D8542E2AED3D /* LongContextTask.swift in Sources */ = {isa = PBXBuildFile; fileRef = FCADC364D9871831E17D1318 /* LongContextTask.swift */; };
		5E44451A3DDE595221C1D747 /* HuggingFace in Frameworks */ = {isa = PBXBuildFile; productRef = 1946F8E2583DCE11CFEA7AD8 /* HuggingFace */; };
		60D67ADC917C3CD389CDF184 /* ModelCatalog.swift in Sources */ = {isa = PBXBuildFile; fileRef = 5883E0764831A0D390331F81 /* ModelCatalog.swift */; };
		627A387DE07972B42C553A87 /* llama.xcframework in Embed Frameworks */ = {isa = PBXBuildFile; fileRef = B39105E2687FD536226E700E /* llama.xcframework */; settings = {ATTRIBUTES = (CodeSignOnCopy, RemoveHeadersOnCopy, ); }; };
		67AE241DA38F53CE78E20C86 /* MemoryMonitor.swift in Sources */ = {isa = PBXBuildFile; fileRef = 51351D8E4737B395636E0DB4 /* MemoryMonitor.swift */; };
		6832D123E545F399E40D2315 /* kernels_quantized in Frameworks */ = {isa = PBXBuildFile; productRef = E083290449B341AB7921F544 /* kernels_quantized */; };
		735A14E6E09D3E68F1C50E4F /* ResultStore.swift in Sources */ = {isa = PBXBuildFile; fileRef = FC7B6B97C8F1331B7F122CF4 /* ResultStore.swift */; };
		7441EE04A6771C964FFBBE63 /* MLXLMCommon in Frameworks */ = {isa = PBXBuildFile; productRef = 01FA12B5AFE994F6E0A44BB4 /* MLXLMCommon */; };
		7D5DFD2C5ADA523317036D0C /* EnergyMonitor.swift in Sources */ = {isa = PBXBuildFile; fileRef = 8646DFD32712FBAAEB72156D /* EnergyMonitor.swift */; };
		7EDA3E9184B29B3565D7AA0A /* MemoryMonitor.swift in Sources */ = {isa = PBXBuildFile; fileRef = 51351D8E4737B395636E0DB4 /* MemoryMonitor.swift */; };
		7FF0259C8DB96A0B621D7141 /* LongContextTask.swift in Sources */ = {isa = PBXBuildFile; fileRef = FCADC364D9871831E17D1318 /* LongContextTask.swift */; };
		80170DFF4FA2267ACB91DC3D /* RootView.swift in Sources */ = {isa = PBXBuildFile; fileRef = 9B7C706EF917249A9E312455 /* RootView.swift */; };
		802E92307B6E8145D1143425 /* AppLifecycleTask.swift in Sources */ = {isa = PBXBuildFile; fileRef = 1124C321F63E5E0AEEF8902E /* AppLifecycleTask.swift */; };
		809989CAEFAD0B15B307469C /* MLXRuntime.swift in Sources */ = {isa = PBXBuildFile; fileRef = 9F4F079AF5934BDEE412984B /* MLXRuntime.swift */; };
		872536C8C78AE6942338D99A /* ShortChatTask.swift in Sources */ = {isa = PBXBuildFile; fileRef = 3B472A5B7142B5A088948C3E /* ShortChatTask.swift */; };
		87EB333EA85EDBC955A75984 /* DeviceSnapshot.swift in Sources */ = {isa = PBXBuildFile; fileRef = 6978D6BB9139052EA83F5605 /* DeviceSnapshot.swift */; };
		89711B8F253C16743029F7CC /* ResultDetailView.swift in Sources */ = {isa = PBXBuildFile; fileRef = 4067D0B1A8F984760C2DD584 /* ResultDetailView.swift */; };
		8C9CF06B03A197B1A999B0CF /* CoreMLRuntime.swift in Sources */ = {isa = PBXBuildFile; fileRef = 571463D6F5C7502E074043E5 /* CoreMLRuntime.swift */; };
		934F49A4C07A710BCD246052 /* MLXBridges.swift in Sources */ = {isa = PBXBuildFile; fileRef = DB25DA3940385A8468CDF86C /* MLXBridges.swift */; };
		94DD408FB6BD844A7AEA46B2 /* MLXLLM in Frameworks */ = {isa = PBXBuildFile; productRef = D9951B938519F9C6991F2B77 /* MLXLLM */; };
		969557357BB859074D8D1B5C /* RuntimeKind.swift in Sources */ = {isa = PBXBuildFile; fileRef = 43A2757B6113092D68EC4F94 /* RuntimeKind.swift */; };
		9965B527BD88EF07B285754E /* executorch in Frameworks */ = {isa = PBXBuildFile; productRef = F5E45AD0A479F8152D251911 /* executorch */; };
		9C5DF4C1C1EF300A1B21B367 /* ShortChatTask.swift in Sources */ = {isa = PBXBuildFile; fileRef = 3B472A5B7142B5A088948C3E /* ShortChatTask.swift */; };
		9CF9A0FAC7BDA40ADA7B7D86 /* ThermalMonitor.swift in Sources */ = {isa = PBXBuildFile; fileRef = 07DBDFD928C557A5352D613E /* ThermalMonitor.swift */; };
		9E7D44C95CD1FFE50638B1BF /* AppLifecycleTask.swift in Sources */ = {isa = PBXBuildFile; fileRef = 1124C321F63E5E0AEEF8902E /* AppLifecycleTask.swift */; };
		9FB0903D22C954FDEB555847 /* ResultStore.swift in Sources */ = {isa = PBXBuildFile; fileRef = FC7B6B97C8F1331B7F122CF4 /* ResultStore.swift */; };
		A015EE7A7A064B865CF498FD /* executorch_llm in Frameworks */ = {isa = PBXBuildFile; productRef = 29AE3D43BC5F40FBC1105806 /* executorch_llm */; };
		A09211745827F71359B56AF8 /* HistoryView.swift in Sources */ = {isa = PBXBuildFile; fileRef = 9B1EE778237E01ED0945D4AE /* HistoryView.swift */; };
		A90EA00E6A6DB24DE1E8ABBE /* EnergyMonitor.swift in Sources */ = {isa = PBXBuildFile; fileRef = 8646DFD32712FBAAEB72156D /* EnergyMonitor.swift */; };
		B3236EC37B1CE4074B972226 /* kernels_quantized in Frameworks */ = {isa = PBXBuildFile; productRef = 5E734E7640926D7B17DD6CC4 /* kernels_quantized */; };
		BCA6E27341892C066E7C17AB /* executorch_llm in Frameworks */ = {isa = PBXBuildFile; productRef = 42211F46508DC5E51996CB45 /* executorch_llm */; };
		BE6487CEF4C49373288701CC /* Yardstick.swift in Sources */ = {isa = PBXBuildFile; fileRef = A5C8A95BC024A5299976FB3A /* Yardstick.swift */; };
		C3077165679D541B3891953F /* RunView.swift in Sources */ = {isa = PBXBuildFile; fileRef = A5119926653436F65E0C37EB /* RunView.swift */; };
		CCB176ACF070E9D1D8D4C50A /* backend_xnnpack in Frameworks */ = {isa = PBXBuildFile; productRef = 08015CC1FD43865B1B801A53 /* backend_xnnpack */; };
		CCB3F0B9B7883B6C0119253C /* backend_xnnpack in Frameworks */ = {isa = PBXBuildFile; productRef = 6AE7DCD576FA9CBF8CFF3AA8 /* backend_xnnpack */; };
		CE55A5633E945419992D1CC8 /* SustainedGenerationTask.swift in Sources */ = {isa = PBXBuildFile; fileRef = DDC21ED32AE3215BD9BAB3DC /* SustainedGenerationTask.swift */; };
		D2F11BBCDAC07C3A8753D1E2 /* HFDownloader.swift in Sources */ = {isa = PBXBuildFile; fileRef = F5235B8E78B06C2870291FF5 /* HFDownloader.swift */; };
		D9E40CE90A81EE9B5AADCFAF /* LLMRuntime.swift in Sources */ = {isa = PBXBuildFile; fileRef = 42CEC963B0C412A01CB78853 /* LLMRuntime.swift */; };
		DAEEF03BA574196BF0C3AF1C /* kernels_llm in Frameworks */ = {isa = PBXBuildFile; productRef = EDFD6E7F34509B4DF2FC5D8D /* kernels_llm */; };
		DBE501DF7CCED67DB12B58B5 /* kernels_optimized in Frameworks */ = {isa = PBXBuildFile; productRef = 8B81C5E8FC5F3CAD804883A7 /* kernels_optimized */; };
		E3720048DBF575F5136F3EA8 /* MLXBridges.swift in Sources */ = {isa = PBXBuildFile; fileRef = DB25DA3940385A8468CDF86C /* MLXBridges.swift */; };
		E89444AEBDBF1290A74FE5D7 /* HuggingFace in Frameworks */ = {isa = PBXBuildFile; productRef = E1EE00212151957A2CF0EA1A /* HuggingFace */; };
		EC039C8FC4A2DF68CE274F17 /* llama.xcframework in Frameworks */ = {isa = PBXBuildFile; fileRef = B39105E2687FD536226E700E /* llama.xcframework */; };
		F4803995ED52DD8969723131 /* CoreMLRuntime.swift in Sources */ = {isa = PBXBuildFile; fileRef = 571463D6F5C7502E074043E5 /* CoreMLRuntime.swift */; };
		F988FED25E1B2247D3B696D8 /* LlamaCppRuntime.swift in Sources */ = {isa = PBXBuildFile; fileRef = 1F54149AFF1D39F2B9377885 /* LlamaCppRuntime.swift */; };
		FA911A2CDFA67C2099693800 /* ModelCatalog.swift in Sources */ = {isa = PBXBuildFile; fileRef = 5883E0764831A0D390331F81 /* ModelCatalog.swift */; };
		FC109CE8470E795A439D5F24 /* BenchmarkApp.swift in Sources */ = {isa = PBXBuildFile; fileRef = 4731FE59D60EC52D5D775053 /* BenchmarkApp.swift */; };
		FCB55FD5BA55D670179B2DD0 /* Transformers in Frameworks */ = {isa = PBXBuildFile; productRef = F096C2521A8E6BB4A3275B51 /* Transformers */; };
		FDB9A3ACB956F700E71E93E4 /* BenchmarkRunner.swift in Sources */ = {isa = PBXBuildFile; fileRef = 0C069A3D837A8C235381A361 /* BenchmarkRunner.swift */; };
		FFA878CC5AE5FF86E8734E02 /* AnemllCore in Frameworks */ = {isa = PBXBuildFile; productRef = 992DB9CED2E82FFE8B146A31 /* AnemllCore */; };
/* End PBXBuildFile section */

/* Begin PBXCopyFilesBuildPhase section */
		10BCDBA5A045D65FA04D7AA8 /* Embed Frameworks */ = {
			isa = PBXCopyFilesBuildPhase;
			buildActionMask = 2147483647;
			dstPath = "";
			dstSubfolderSpec = 10;
			files = (
				627A387DE07972B42C553A87 /* llama.xcframework in Embed Frameworks */,
			);
			name = "Embed Frameworks";
			runOnlyForDeploymentPostprocessing = 0;
		};
/* End PBXCopyFilesBuildPhase section */

/* Begin PBXFileReference section */
		07DBDFD928C557A5352D613E /* ThermalMonitor.swift */ = {isa = PBXFileReference; lastKnownFileType = sourcecode.swift; path = ThermalMonitor.swift; sourceTree = "<group>"; };
		0C069A3D837A8C235381A361 /* BenchmarkRunner.swift */ = {isa = PBXFileReference; lastKnownFileType = sourcecode.swift; path = BenchmarkRunner.swift; sourceTree = "<group>"; };
		1124C321F63E5E0AEEF8902E /* AppLifecycleTask.swift */ = {isa = PBXFileReference; lastKnownFileType = sourcecode.swift; path = AppLifecycleTask.swift; sourceTree = "<group>"; };
		1E86895F4C4C799B493D115C /* Assets.xcassets */ = {isa = PBXFileReference; lastKnownFileType = folder.assetcatalog; path = Assets.xcassets; sourceTree = "<group>"; };
		1F54149AFF1D39F2B9377885 /* LlamaCppRuntime.swift */ = {isa = PBXFileReference; lastKnownFileType = sourcecode.swift; path = LlamaCppRuntime.swift; sourceTree = "<group>"; };
		2F6CAC41B79737975D3977D7 /* BenchmarkResult.swift */ = {isa = PBXFileReference; lastKnownFileType = sourcecode.swift; path = BenchmarkResult.swift; sourceTree = "<group>"; };
		3B472A5B7142B5A088948C3E /* ShortChatTask.swift */ = {isa = PBXFileReference; lastKnownFileType = sourcecode.swift; path = ShortChatTask.swift; sourceTree = "<group>"; };
		3D1A95AD68FB592E643E5CD3 /* yardstick */ = {isa = PBXFileReference; includeInIndex = 0; path = yardstick; sourceTree = BUILT_PRODUCTS_DIR; };
		4067D0B1A8F984760C2DD584 /* ResultDetailView.swift */ = {isa = PBXFileReference; lastKnownFileType = sourcecode.swift; path = ResultDetailView.swift; sourceTree = "<group>"; };
		42CEC963B0C412A01CB78853 /* LLMRuntime.swift */ = {isa = PBXFileReference; lastKnownFileType = sourcecode.swift; path = LLMRuntime.swift; sourceTree = "<group>"; };
		43A2757B6113092D68EC4F94 /* RuntimeKind.swift */ = {isa = PBXFileReference; lastKnownFileType = sourcecode.swift; path = RuntimeKind.swift; sourceTree = "<group>"; };
		46BF89FC5DAB913F5DC74C99 /* AnemllRuntime.swift */ = {isa = PBXFileReference; lastKnownFileType = sourcecode.swift; path = AnemllRuntime.swift; sourceTree = "<group>"; };
		4731FE59D60EC52D5D775053 /* BenchmarkApp.swift */ = {isa = PBXFileReference; lastKnownFileType = sourcecode.swift; path = BenchmarkApp.swift; sourceTree = "<group>"; };
		486EDB6B4CDE83BD6959BF65 /* Info.plist */ = {isa = PBXFileReference; lastKnownFileType = text.plist; path = Info.plist; sourceTree = "<group>"; };
		4EACC554115BC9411C3D83F1 /* MediaPipeRuntime.swift */ = {isa = PBXFileReference; lastKnownFileType = sourcecode.swift; path = MediaPipeRuntime.swift; sourceTree = "<group>"; };
		51351D8E4737B395636E0DB4 /* MemoryMonitor.swift */ = {isa = PBXFileReference; lastKnownFileType = sourcecode.swift; path = MemoryMonitor.swift; sourceTree = "<group>"; };
		571463D6F5C7502E074043E5 /* CoreMLRuntime.swift */ = {isa = PBXFileReference; lastKnownFileType = sourcecode.swift; path = CoreMLRuntime.swift; sourceTree = "<group>"; };
		5883E0764831A0D390331F81 /* ModelCatalog.swift */ = {isa = PBXFileReference; lastKnownFileType = sourcecode.swift; path = ModelCatalog.swift; sourceTree = "<group>"; };
		59D10CD171A7FE9EF1BB369F /* BenchmarkTask.swift */ = {isa = PBXFileReference; lastKnownFileType = sourcecode.swift; path = BenchmarkTask.swift; sourceTree = "<group>"; };
		5E26E6FC4D7741AF3A2EC137 /* anemll-swift-cli */ = {isa = PBXFileReference; lastKnownFileType = folder; name = "anemll-swift-cli"; path = "Vendored/Anemll/anemll-swift-cli"; sourceTree = SOURCE_ROOT; };
		6978D6BB9139052EA83F5605 /* DeviceSnapshot.swift */ = {isa = PBXFileReference; lastKnownFileType = sourcecode.swift; path = DeviceSnapshot.swift; sourceTree = "<group>"; };
		8646DFD32712FBAAEB72156D /* EnergyMonitor.swift */ = {isa = PBXFileReference; lastKnownFileType = sourcecode.swift; path = EnergyMonitor.swift; sourceTree = "<group>"; };
		8A1FDA1BD8CFFB6E92798B22 /* ExecuTorchRuntime.swift */ = {isa = PBXFileReference; lastKnownFileType = sourcecode.swift; path = ExecuTorchRuntime.swift; sourceTree = "<group>"; };
		9B1EE778237E01ED0945D4AE /* HistoryView.swift */ = {isa = PBXFileReference; lastKnownFileType = sourcecode.swift; path = HistoryView.swift; sourceTree = "<group>"; };
		9B7C706EF917249A9E312455 /* RootView.swift */ = {isa = PBXFileReference; lastKnownFileType = sourcecode.swift; path = RootView.swift; sourceTree = "<group>"; };
		9F4F079AF5934BDEE412984B /* MLXRuntime.swift */ = {isa = PBXFileReference; lastKnownFileType = sourcecode.swift; path = MLXRuntime.swift; sourceTree = "<group>"; };
		A5119926653436F65E0C37EB /* RunView.swift */ = {isa = PBXFileReference; lastKnownFileType = sourcecode.swift; path = RunView.swift; sourceTree = "<group>"; };
		A5C8A95BC024A5299976FB3A /* Yardstick.swift */ = {isa = PBXFileReference; lastKnownFileType = sourcecode.swift; path = Yardstick.swift; sourceTree = "<group>"; };
		A6340DF01289DE1C8F23AA39 /* AboutView.swift */ = {isa = PBXFileReference; lastKnownFileType = sourcecode.swift; path = AboutView.swift; sourceTree = "<group>"; };
		B39105E2687FD536226E700E /* llama.xcframework */ = {isa = PBXFileReference; lastKnownFileType = wrapper.xcframework; name = llama.xcframework; path = Vendored/llama.xcframework; sourceTree = "<group>"; };
		DB25DA3940385A8468CDF86C /* MLXBridges.swift */ = {isa = PBXFileReference; lastKnownFileType = sourcecode.swift; path = MLXBridges.swift; sourceTree = "<group>"; };
		DDC21ED32AE3215BD9BAB3DC /* SustainedGenerationTask.swift */ = {isa = PBXFileReference; lastKnownFileType = sourcecode.swift; path = SustainedGenerationTask.swift; sourceTree = "<group>"; };
		F5235B8E78B06C2870291FF5 /* HFDownloader.swift */ = {isa = PBXFileReference; lastKnownFileType = sourcecode.swift; path = HFDownloader.swift; sourceTree = "<group>"; };
		FC7B6B97C8F1331B7F122CF4 /* ResultStore.swift */ = {isa = PBXFileReference; lastKnownFileType = sourcecode.swift; path = ResultStore.swift; sourceTree = "<group>"; };
		FCADC364D9871831E17D1318 /* LongContextTask.swift */ = {isa = PBXFileReference; lastKnownFileType = sourcecode.swift; path = LongContextTask.swift; sourceTree = "<group>"; };
		FF66B5ACD9BD34F3F9940141 /* BenchmarkApp.app */ = {isa = PBXFileReference; includeInIndex = 0; lastKnownFileType = wrapper.application; path = BenchmarkApp.app; sourceTree = BUILT_PRODUCTS_DIR; };
/* End PBXFileReference section */

/* Begin PBXFrameworksBuildPhase section */
		22B82BB1F5AA82CDB9BEFA8E /* Frameworks */ = {
			isa = PBXFrameworksBuildPhase;
			buildActionMask = 2147483647;
			files = (
				44D7562FCF98BE91F2694784 /* MLXLLM in Frameworks */,
				7441EE04A6771C964FFBBE63 /* MLXLMCommon in Frameworks */,
				5E44451A3DDE595221C1D747 /* HuggingFace in Frameworks */,
				FCB55FD5BA55D670179B2DD0 /* Transformers in Frameworks */,
				23EE8DBC664CEB898C2405B1 /* CoreMLLLM in Frameworks */,
				2DCF41D723588916BF29D8F0 /* executorch in Frameworks */,
				A015EE7A7A064B865CF498FD /* executorch_llm in Frameworks */,
				CCB176ACF070E9D1D8D4C50A /* backend_xnnpack in Frameworks */,
				0A5B1C0000026130BB11B5BE /* kernels_llm in Frameworks */,
				0B84BFD4FD22D8DD7E67E04E /* kernels_optimized in Frameworks */,
				B3236EC37B1CE4074B972226 /* kernels_quantized in Frameworks */,
				1DE99C97463A3023A68C459C /* AnemllCore in Frameworks */,
				EC039C8FC4A2DF68CE274F17 /* llama.xcframework in Frameworks */,
			);
			runOnlyForDeploymentPostprocessing = 0;
		};
		668F86EAD167B762194D6424 /* Frameworks */ = {
			isa = PBXFrameworksBuildPhase;
			buildActionMask = 2147483647;
			files = (
				94DD408FB6BD844A7AEA46B2 /* MLXLLM in Frameworks */,
				3C7056AF1BA49ED29DEFDB81 /* MLXLMCommon in Frameworks */,
				E89444AEBDBF1290A74FE5D7 /* HuggingFace in Frameworks */,
				3E842913FD7699AD530BCBFF /* Transformers in Frameworks */,
				59BA60639CE894516CE31D7A /* CoreMLLLM in Frameworks */,
				9965B527BD88EF07B285754E /* executorch in Frameworks */,
				BCA6E27341892C066E7C17AB /* executorch_llm in Frameworks */,
				CCB3F0B9B7883B6C0119253C /* backend_xnnpack in Frameworks */,
				DAEEF03BA574196BF0C3AF1C /* kernels_llm in Frameworks */,
				DBE501DF7CCED67DB12B58B5 /* kernels_optimized in Frameworks */,
				6832D123E545F399E40D2315 /* kernels_quantized in Frameworks */,
				FFA878CC5AE5FF86E8734E02 /* AnemllCore in Frameworks */,
				4093906B51F58C8ECBC1A23B /* llama.xcframework in Frameworks */,
			);
			runOnlyForDeploymentPostprocessing = 0;
		};
/* End PBXFrameworksBuildPhase section */

/* Begin PBXGroup section */
		0537DC1AB59EE11017A1C3C8 /* Resources */ = {
			isa = PBXGroup;
			children = (
			);
			path = Resources;
			sourceTree = "<group>";
		};
		0CCB397A556F53A8910A2C24 /* Products */ = {
			isa = PBXGroup;
			children = (
				FF66B5ACD9BD34F3F9940141 /* BenchmarkApp.app */,
				3D1A95AD68FB592E643E5CD3 /* yardstick */,
			);
			name = Products;
			sourceTree = "<group>";
		};
		48DCBE35C783F3731505CB3A /* Frameworks */ = {
			isa = PBXGroup;
			children = (
				B39105E2687FD536226E700E /* llama.xcframework */,
			);
			name = Frameworks;
			sourceTree = "<group>";
		};
		4B58FE9C1230DF5DC3A0D49E /* Models */ = {
			isa = PBXGroup;
			children = (
				2F6CAC41B79737975D3977D7 /* BenchmarkResult.swift */,
				6978D6BB9139052EA83F5605 /* DeviceSnapshot.swift */,
				5883E0764831A0D390331F81 /* ModelCatalog.swift */,
				43A2757B6113092D68EC4F94 /* RuntimeKind.swift */,
			);
			path = Models;
			sourceTree = "<group>";
		};
		53660A1163C7A73EC677BABC /* YardstickCLI */ = {
			isa = PBXGroup;
			children = (
				F981EE8D2381567E672C43BB /* Sources */,
			);
			path = YardstickCLI;
			sourceTree = "<group>";
		};
		56D8CF71830F92F55D511138 /* Sources */ = {
			isa = PBXGroup;
			children = (
				1E86895F4C4C799B493D115C /* Assets.xcassets */,
				4731FE59D60EC52D5D775053 /* BenchmarkApp.swift */,
				486EDB6B4CDE83BD6959BF65 /* Info.plist */,
				B19207CE005514F0B745B98E /* Benchmark */,
				4B58FE9C1230DF5DC3A0D49E /* Models */,
				0537DC1AB59EE11017A1C3C8 /* Resources */,
				CBB595073F4DBCEBE08B6A75 /* Runtimes */,
				F4E4A8D522C0F39362B888E3 /* Views */,
			);
			path = Sources;
			sourceTree = "<group>";
		};
		ABFC6F14C1F48FC1603B0D4B /* Packages */ = {
			isa = PBXGroup;
			children = (
				5E26E6FC4D7741AF3A2EC137 /* anemll-swift-cli */,
			);
			name = Packages;
			sourceTree = "<group>";
		};
		B19207CE005514F0B745B98E /* Benchmark */ = {
			isa = PBXGroup;
			children = (
				0C069A3D837A8C235381A361 /* BenchmarkRunner.swift */,
				59D10CD171A7FE9EF1BB369F /* BenchmarkTask.swift */,
				8646DFD32712FBAAEB72156D /* EnergyMonitor.swift */,
				51351D8E4737B395636E0DB4 /* MemoryMonitor.swift */,
				FC7B6B97C8F1331B7F122CF4 /* ResultStore.swift */,
				07DBDFD928C557A5352D613E /* ThermalMonitor.swift */,
				E6702CCAC87E38942573AE43 /* Tasks */,
			);
			path = Benchmark;
			sourceTree = "<group>";
		};
		C0F8CB4D76AD73BE399F6DEA = {
			isa = PBXGroup;
			children = (
				EABA9F7F2D274F6F7C3ACD9F /* ios-llm-benchmark */,
				ABFC6F14C1F48FC1603B0D4B /* Packages */,
				56D8CF71830F92F55D511138 /* Sources */,
				48DCBE35C783F3731505CB3A /* Frameworks */,
				0CCB397A556F53A8910A2C24 /* Products */,
			);
			sourceTree = "<group>";
		};
		C516159BFE7DFA51E14C8EF9 /* apple */ = {
			isa = PBXGroup;
			children = (
				53660A1163C7A73EC677BABC /* YardstickCLI */,
			);
			path = apple;
			sourceTree = "<group>";
		};
		CBB595073F4DBCEBE08B6A75 /* Runtimes */ = {
			isa = PBXGroup;
			children = (
				46BF89FC5DAB913F5DC74C99 /* AnemllRuntime.swift */,
				571463D6F5C7502E074043E5 /* CoreMLRuntime.swift */,
				8A1FDA1BD8CFFB6E92798B22 /* ExecuTorchRuntime.swift */,
				F5235B8E78B06C2870291FF5 /* HFDownloader.swift */,
				1F54149AFF1D39F2B9377885 /* LlamaCppRuntime.swift */,
				42CEC963B0C412A01CB78853 /* LLMRuntime.swift */,
				4EACC554115BC9411C3D83F1 /* MediaPipeRuntime.swift */,
				DB25DA3940385A8468CDF86C /* MLXBridges.swift */,
				9F4F079AF5934BDEE412984B /* MLXRuntime.swift */,
			);
			path = Runtimes;
			sourceTree = "<group>";
		};
		E6702CCAC87E38942573AE43 /* Tasks */ = {
			isa = PBXGroup;
			children = (
				1124C321F63E5E0AEEF8902E /* AppLifecycleTask.swift */,
				FCADC364D9871831E17D1318 /* LongContextTask.swift */,
				3B472A5B7142B5A088948C3E /* ShortChatTask.swift */,
				DDC21ED32AE3215BD9BAB3DC /* SustainedGenerationTask.swift */,
			);
			path = Tasks;
			sourceTree = "<group>";
		};
		EABA9F7F2D274F6F7C3ACD9F /* ios-llm-benchmark */ = {
			isa = PBXGroup;
			children = (
				C516159BFE7DFA51E14C8EF9 /* apple */,
			);
			name = "ios-llm-benchmark";
			path = ../..;
			sourceTree = "<group>";
		};
		F4E4A8D522C0F39362B888E3 /* Views */ = {
			isa = PBXGroup;
			children = (
				A6340DF01289DE1C8F23AA39 /* AboutView.swift */,
				9B1EE778237E01ED0945D4AE /* HistoryView.swift */,
				4067D0B1A8F984760C2DD584 /* ResultDetailView.swift */,
				9B7C706EF917249A9E312455 /* RootView.swift */,
				A5119926653436F65E0C37EB /* RunView.swift */,
			);
			path = Views;
			sourceTree = "<group>";
		};
		F981EE8D2381567E672C43BB /* Sources */ = {
			isa = PBXGroup;
			children = (
				A5C8A95BC024A5299976FB3A /* Yardstick.swift */,
			);
			path = Sources;
			sourceTree = "<group>";
		};
/* End PBXGroup section */

/* Begin PBXNativeTarget section */
		704363ABCB9114013D13CE8D /* yardstick */ = {
			isa = PBXNativeTarget;
			buildConfigurationList = 4B3AC2AA499FC39BCA8D344C /* Build configuration list for PBXNativeTarget "yardstick" */;
			buildPhases = (
				0F7BC198E17A99BFCD70CD5D /* Sources */,
				22B82BB1F5AA82CDB9BEFA8E /* Frameworks */,
			);
			buildRules = (
			);
			dependencies = (
			);
			name = yardstick;
			packageProductDependencies = (
				41C557F6CC8047D69B9A3EF5 /* MLXLLM */,
				01FA12B5AFE994F6E0A44BB4 /* MLXLMCommon */,
				1946F8E2583DCE11CFEA7AD8 /* HuggingFace */,
				F096C2521A8E6BB4A3275B51 /* Transformers */,
				1FD8537D6751D093C80921A9 /* CoreMLLLM */,
				10A02929ED5A1A7DF466BDD6 /* executorch */,
				29AE3D43BC5F40FBC1105806 /* executorch_llm */,
				08015CC1FD43865B1B801A53 /* backend_xnnpack */,
				F2F2A8942501B44FD74F06D0 /* kernels_llm */,
				94E0BEAFA16C6763A28522EB /* kernels_optimized */,
				5E734E7640926D7B17DD6CC4 /* kernels_quantized */,
				F472A90A338D866AA59AA6CC /* AnemllCore */,
			);
			productName = yardstick;
			productReference = 3D1A95AD68FB592E643E5CD3 /* yardstick */;
			productType = "com.apple.product-type.tool";
		};
		C81A61EB3DD40F0352804F55 /* BenchmarkApp */ = {
			isa = PBXNativeTarget;
			buildConfigurationList = 6ED2A461277853EE475B0FBB /* Build configuration list for PBXNativeTarget "BenchmarkApp" */;
			buildPhases = (
				A775D74AB52D913CF28B5944 /* Sources */,
				3FD4CC6E4A78856193CB9416 /* Resources */,
				668F86EAD167B762194D6424 /* Frameworks */,
				10BCDBA5A045D65FA04D7AA8 /* Embed Frameworks */,
			);
			buildRules = (
			);
			dependencies = (
			);
			name = BenchmarkApp;
			packageProductDependencies = (
				D9951B938519F9C6991F2B77 /* MLXLLM */,
				5EDC2498FDF127EF2101F26B /* MLXLMCommon */,
				E1EE00212151957A2CF0EA1A /* HuggingFace */,
				41522D438C797371055C13FC /* Transformers */,
				E5271977FC951DC7C5EA72BD /* CoreMLLLM */,
				F5E45AD0A479F8152D251911 /* executorch */,
				42211F46508DC5E51996CB45 /* executorch_llm */,
				6AE7DCD576FA9CBF8CFF3AA8 /* backend_xnnpack */,
				EDFD6E7F34509B4DF2FC5D8D /* kernels_llm */,
				8B81C5E8FC5F3CAD804883A7 /* kernels_optimized */,
				E083290449B341AB7921F544 /* kernels_quantized */,
				992DB9CED2E82FFE8B146A31 /* AnemllCore */,
			);
			productName = BenchmarkApp;
			productReference = FF66B5ACD9BD34F3F9940141 /* BenchmarkApp.app */;
			productType = "com.apple.product-type.application";
		};
/* End PBXNativeTarget section */

/* Begin PBXProject section */
		7438C6BCDE05B3DCB62EB8B3 /* Project object */ = {
			isa = PBXProject;
			attributes = {
				BuildIndependentTargetsInParallel = YES;
				LastUpgradeCheck = 1430;
				TargetAttributes = {
					704363ABCB9114013D13CE8D = {
						DevelopmentTeam = "";
						ProvisioningStyle = Automatic;
					};
					C81A61EB3DD40F0352804F55 = {
						DevelopmentTeam = "";
						ProvisioningStyle = Automatic;
					};
				};
			};
			buildConfigurationList = 6A837790F5E9D10F4213501A /* Build configuration list for PBXProject "BenchmarkApp" */;
			compatibilityVersion = "Xcode 14.0";
			developmentRegion = en;
			hasScannedForEncodings = 0;
			knownRegions = (
				Base,
				en,
			);
			mainGroup = C0F8CB4D76AD73BE399F6DEA;
			minimizedProjectReferenceProxies = 1;
			packageReferences = (
				7552D4AA4A5594B14633A05C /* XCRemoteSwiftPackageReference "CoreML-LLM" */,
				6ABDBD1AD4883A8815094867 /* XCRemoteSwiftPackageReference "executorch" */,
				222066378580FE50F7021006 /* XCRemoteSwiftPackageReference "mlx-swift-lm" */,
				80DD55C85D3764D0D34ECC4E /* XCRemoteSwiftPackageReference "swift-huggingface" */,
				3CA1B107F9BEE92DC4D9485E /* XCRemoteSwiftPackageReference "swift-transformers" */,
				1FA24253559F386509684D8D /* XCLocalSwiftPackageReference "Vendored/Anemll/anemll-swift-cli" */,
			);
			preferredProjectObjectVersion = 77;
			projectDirPath = "";
			projectRoot = "";
			targets = (
				C81A61EB3DD40F0352804F55 /* BenchmarkApp */,
				704363ABCB9114013D13CE8D /* yardstick */,
			);
		};
/* End PBXProject section */

/* Begin PBXResourcesBuildPhase section */
		3FD4CC6E4A78856193CB9416 /* Resources */ = {
			isa = PBXResourcesBuildPhase;
			buildActionMask = 2147483647;
			files = (
				112E2A29A4EEA42B9F7D6444 /* Assets.xcassets in Resources */,
			);
			runOnlyForDeploymentPostprocessing = 0;
		};
/* End PBXResourcesBuildPhase section */

/* Begin PBXSourcesBuildPhase section */
		0F7BC198E17A99BFCD70CD5D /* Sources */ = {
			isa = PBXSourcesBuildPhase;
			buildActionMask = 2147483647;
			files = (
				531015CDC40AD8F9995AE7F7 /* AnemllRuntime.swift in Sources */,
				802E92307B6E8145D1143425 /* AppLifecycleTask.swift in Sources */,
				100A9D75956A32FC2BA2C1F2 /* BenchmarkResult.swift in Sources */,
				FDB9A3ACB956F700E71E93E4 /* BenchmarkRunner.swift in Sources */,
				235129CA3670027E3887200D /* BenchmarkTask.swift in Sources */,
				F4803995ED52DD8969723131 /* CoreMLRuntime.swift in Sources */,
				87EB333EA85EDBC955A75984 /* DeviceSnapshot.swift in Sources */,
				A90EA00E6A6DB24DE1E8ABBE /* EnergyMonitor.swift in Sources */,
				584FCFB61598A0F55B3649E2 /* ExecuTorchRuntime.swift in Sources */,
				D2F11BBCDAC07C3A8753D1E2 /* HFDownloader.swift in Sources */,
				2E8B509B84C74A6A850BF4D4 /* LLMRuntime.swift in Sources */,
				F988FED25E1B2247D3B696D8 /* LlamaCppRuntime.swift in Sources */,
				5D0D63767498D8542E2AED3D /* LongContextTask.swift in Sources */,
				934F49A4C07A710BCD246052 /* MLXBridges.swift in Sources */,
				809989CAEFAD0B15B307469C /* MLXRuntime.swift in Sources */,
				67AE241DA38F53CE78E20C86 /* MemoryMonitor.swift in Sources */,
				60D67ADC917C3CD389CDF184 /* ModelCatalog.swift in Sources */,
				9FB0903D22C954FDEB555847 /* ResultStore.swift in Sources */,
				38D2EEF177543768A564B297 /* RuntimeKind.swift in Sources */,
				872536C8C78AE6942338D99A /* ShortChatTask.swift in Sources */,
				296689A741B674A7612FC0ED /* SustainedGenerationTask.swift in Sources */,
				4C7A81F47EB282F5B3B84166 /* ThermalMonitor.swift in Sources */,
				BE6487CEF4C49373288701CC /* Yardstick.swift in Sources */,
			);
			runOnlyForDeploymentPostprocessing = 0;
		};
		A775D74AB52D913CF28B5944 /* Sources */ = {
			isa = PBXSourcesBuildPhase;
			buildActionMask = 2147483647;
			files = (
				3265BD866E12254B5F9D02D5 /* AboutView.swift in Sources */,
				4D5CECB4C50714A3B928F66C /* AnemllRuntime.swift in Sources */,
				9E7D44C95CD1FFE50638B1BF /* AppLifecycleTask.swift in Sources */,
				FC109CE8470E795A439D5F24 /* BenchmarkApp.swift in Sources */,
				233E07CCDFD38F03A7808A08 /* BenchmarkResult.swift in Sources */,
				365ACCF96B78A7F412A50860 /* BenchmarkRunner.swift in Sources */,
				0F82181CAC39B256ECB79580 /* BenchmarkTask.swift in Sources */,
				8C9CF06B03A197B1A999B0CF /* CoreMLRuntime.swift in Sources */,
				52F23D827122805FEDBBDA29 /* DeviceSnapshot.swift in Sources */,
				7D5DFD2C5ADA523317036D0C /* EnergyMonitor.swift in Sources */,
				40D04B05A0566F3D0E326DB7 /* ExecuTorchRuntime.swift in Sources */,
				2EC1A49EB3F96A59AD0345D1 /* HFDownloader.swift in Sources */,
				A09211745827F71359B56AF8 /* HistoryView.swift in Sources */,
				D9E40CE90A81EE9B5AADCFAF /* LLMRuntime.swift in Sources */,
				26A60402AE5BEF83F2FDAA7D /* LlamaCppRuntime.swift in Sources */,
				7FF0259C8DB96A0B621D7141 /* LongContextTask.swift in Sources */,
				E3720048DBF575F5136F3EA8 /* MLXBridges.swift in Sources */,
				4A9DE6A543D868FB71A41A02 /* MLXRuntime.swift in Sources */,
				4766D15ABA21C6FF5EBBCDB8 /* MediaPipeRuntime.swift in Sources */,
				7EDA3E9184B29B3565D7AA0A /* MemoryMonitor.swift in Sources */,
				FA911A2CDFA67C2099693800 /* ModelCatalog.swift in Sources */,
				89711B8F253C16743029F7CC /* ResultDetailView.swift in Sources */,
				735A14E6E09D3E68F1C50E4F /* ResultStore.swift in Sources */,
				80170DFF4FA2267ACB91DC3D /* RootView.swift in Sources */,
				C3077165679D541B3891953F /* RunView.swift in Sources */,
				969557357BB859074D8D1B5C /* RuntimeKind.swift in Sources */,
				9C5DF4C1C1EF300A1B21B367 /* ShortChatTask.swift in Sources */,
				CE55A5633E945419992D1CC8 /* SustainedGenerationTask.swift in Sources */,
				9CF9A0FAC7BDA40ADA7B7D86 /* ThermalMonitor.swift in Sources */,
			);
			runOnlyForDeploymentPostprocessing = 0;
		};
/* End PBXSourcesBuildPhase section */

/* Begin XCBuildConfiguration section */
		781D2950C1C5148C7DD0A60F /* Debug */ = {
			isa = XCBuildConfiguration;
			buildSettings = {
				ALWAYS_SEARCH_USER_PATHS = NO;
				CLANG_ANALYZER_NONNULL = YES;
				CLANG_ANALYZER_NUMBER_OBJECT_CONVERSION = YES_AGGRESSIVE;
				CLANG_CXX_LANGUAGE_STANDARD = "gnu++14";
				CLANG_CXX_LIBRARY = "libc++";
				CLANG_ENABLE_MODULES = YES;
				CLANG_ENABLE_OBJC_ARC = YES;
				CLANG_ENABLE_OBJC_WEAK = YES;
				CLANG_WARN_BLOCK_CAPTURE_AUTORELEASING = YES;
				CLANG_WARN_BOOL_CONVERSION = YES;
				CLANG_WARN_COMMA = YES;
				CLANG_WARN_CONSTANT_CONVERSION = YES;
				CLANG_WARN_DEPRECATED_OBJC_IMPLEMENTATIONS = YES;
				CLANG_WARN_DIRECT_OBJC_ISA_USAGE = YES_ERROR;
				CLANG_WARN_DOCUMENTATION_COMMENTS = YES;
				CLANG_WARN_EMPTY_BODY = YES;
				CLANG_WARN_ENUM_CONVERSION = YES;
				CLANG_WARN_INFINITE_RECURSION = YES;
				CLANG_WARN_INT_CONVERSION = YES;
				CLANG_WARN_NON_LITERAL_NULL_CONVERSION = YES;
				CLANG_WARN_OBJC_IMPLICIT_RETAIN_SELF = YES;
				CLANG_WARN_OBJC_LITERAL_CONVERSION = YES;
				CLANG_WARN_OBJC_ROOT_CLASS = YES_ERROR;
				CLANG_WARN_QUOTED_INCLUDE_IN_FRAMEWORK_HEADER = YES;
				CLANG_WARN_RANGE_LOOP_ANALYSIS = YES;
				CLANG_WARN_STRICT_PROTOTYPES = YES;
				CLANG_WARN_SUSPICIOUS_MOVE = YES;
				CLANG_WARN_UNGUARDED_AVAILABILITY = YES_AGGRESSIVE;
				CLANG_WARN_UNREACHABLE_CODE = YES;
				CLANG_WARN__DUPLICATE_METHOD_MATCH = YES;
				CODE_SIGN_STYLE = Automatic;
				COPY_PHASE_STRIP = NO;
				DEBUG_INFORMATION_FORMAT = dwarf;
				DEVELOPMENT_TEAM = "";
				ENABLE_STRICT_OBJC_MSGSEND = YES;
				ENABLE_TESTABILITY = YES;
				ENABLE_USER_SCRIPT_SANDBOXING = NO;
				GCC_C_LANGUAGE_STANDARD = gnu11;
				GCC_DYNAMIC_NO_PIC = NO;
				GCC_NO_COMMON_BLOCKS = YES;
				GCC_OPTIMIZATION_LEVEL = 0;
				GCC_PREPROCESSOR_DEFINITIONS = (
					"$(inherited)",
					"DEBUG=1",
				);
				GCC_WARN_64_TO_32_BIT_CONVERSION = YES;
				GCC_WARN_ABOUT_RETURN_TYPE = YES_ERROR;
				GCC_WARN_UNDECLARED_SELECTOR = YES;
				GCC_WARN_UNINITIALIZED_AUTOS = YES_AGGRESSIVE;
				GCC_WARN_UNUSED_FUNCTION = YES;
				GCC_WARN_UNUSED_VARIABLE = YES;
				IPHONEOS_DEPLOYMENT_TARGET = 18.0;
				MACOSX_DEPLOYMENT_TARGET = 14.0;
				MTL_ENABLE_DEBUG_INFO = INCLUDE_SOURCE;
				MTL_FAST_MATH = YES;
				ONLY_ACTIVE_ARCH = YES;
				PRODUCT_NAME = "$(TARGET_NAME)";
				SWIFT_ACTIVE_COMPILATION_CONDITIONS = DEBUG;
				SWIFT_OPTIMIZATION_LEVEL = "-Onone";
				SWIFT_STRICT_CONCURRENCY = minimal;
				SWIFT_VERSION = 6.0;
			};
			name = Debug;
		};
		78EDFFFFFFFB3D2BFD416527 /* Release */ = {
			isa = XCBuildConfiguration;
			buildSettings = {
				ASSETCATALOG_COMPILER_APPICON_NAME = AppIcon;
				ASSETCATALOG_COMPILER_GLOBAL_ACCENT_COLOR_NAME = AccentColor;
				CODE_SIGN_IDENTITY = "iPhone Developer";
				ENABLE_USER_SCRIPT_SANDBOXING = NO;
				FRAMEWORK_SEARCH_PATHS = (
					"$(inherited)",
					"\"Vendored\"",
				);
				INFOPLIST_FILE = Sources/Info.plist;
				IPHONEOS_DEPLOYMENT_TARGET = 18.0;
				LD_RUNPATH_SEARCH_PATHS = (
					"$(inherited)",
					"@executable_path/Frameworks",
				);
				OTHER_LDFLAGS = "-ObjC";
				PRODUCT_BUNDLE_IDENTIFIER = com.iosllmbenchmark.benchmarkapp;
				SDKROOT = iphoneos;
				SWIFT_STRICT_CONCURRENCY = minimal;
				TARGETED_DEVICE_FAMILY = "1,2";
			};
			name = Release;
		};
		9333CDBF9664E81C750BD4FA /* Release */ = {
			isa = XCBuildConfiguration;
			buildSettings = {
				COMBINE_HIDPI_IMAGES = YES;
				ENABLE_USER_SCRIPT_SANDBOXING = NO;
				FRAMEWORK_SEARCH_PATHS = (
					"$(inherited)",
					"\"Vendored\"",
				);
				LD_RUNPATH_SEARCH_PATHS = "$(SRCROOT)/Vendored/llama.xcframework/macos-arm64_x86_64";
				MACOSX_DEPLOYMENT_TARGET = 15.0;
				OTHER_LDFLAGS = "-ObjC";
				PRODUCT_BUNDLE_IDENTIFIER = com.iosllmbenchmark.yardstick;
				PRODUCT_NAME = yardstick;
				SDKROOT = macosx;
				SKIP_INSTALL = NO;
				SWIFT_STRICT_CONCURRENCY = minimal;
			};
			name = Release;
		};
		978CF249365CB4DF01D0DD67 /* Debug */ = {
			isa = XCBuildConfiguration;
			buildSettings = {
				ASSETCATALOG_COMPILER_APPICON_NAME = AppIcon;
				ASSETCATALOG_COMPILER_GLOBAL_ACCENT_COLOR_NAME = AccentColor;
				CODE_SIGN_IDENTITY = "iPhone Developer";
				ENABLE_USER_SCRIPT_SANDBOXING = NO;
				FRAMEWORK_SEARCH_PATHS = (
					"$(inherited)",
					"\"Vendored\"",
				);
				INFOPLIST_FILE = Sources/Info.plist;
				IPHONEOS_DEPLOYMENT_TARGET = 18.0;
				LD_RUNPATH_SEARCH_PATHS = (
					"$(inherited)",
					"@executable_path/Frameworks",
				);
				OTHER_LDFLAGS = "-ObjC";
				PRODUCT_BUNDLE_IDENTIFIER = com.iosllmbenchmark.benchmarkapp;
				SDKROOT = iphoneos;
				SWIFT_STRICT_CONCURRENCY = minimal;
				TARGETED_DEVICE_FAMILY = "1,2";
			};
			name = Debug;
		};
		C5F152297A97752D816A8852 /* Release */ = {
			isa = XCBuildConfiguration;
			buildSettings = {
				ALWAYS_SEARCH_USER_PATHS = NO;
				CLANG_ANALYZER_NONNULL = YES;
				CLANG_ANALYZER_NUMBER_OBJECT_CONVERSION = YES_AGGRESSIVE;
				CLANG_CXX_LANGUAGE_STANDARD = "gnu++14";
				CLANG_CXX_LIBRARY = "libc++";
				CLANG_ENABLE_MODULES = YES;
				CLANG_ENABLE_OBJC_ARC = YES;
				CLANG_ENABLE_OBJC_WEAK = YES;
				CLANG_WARN_BLOCK_CAPTURE_AUTORELEASING = YES;
				CLANG_WARN_BOOL_CONVERSION = YES;
				CLANG_WARN_COMMA = YES;
				CLANG_WARN_CONSTANT_CONVERSION = YES;
				CLANG_WARN_DEPRECATED_OBJC_IMPLEMENTATIONS = YES;
				CLANG_WARN_DIRECT_OBJC_ISA_USAGE = YES_ERROR;
				CLANG_WARN_DOCUMENTATION_COMMENTS = YES;
				CLANG_WARN_EMPTY_BODY = YES;
				CLANG_WARN_ENUM_CONVERSION = YES;
				CLANG_WARN_INFINITE_RECURSION = YES;
				CLANG_WARN_INT_CONVERSION = YES;
				CLANG_WARN_NON_LITERAL_NULL_CONVERSION = YES;
				CLANG_WARN_OBJC_IMPLICIT_RETAIN_SELF = YES;
				CLANG_WARN_OBJC_LITERAL_CONVERSION = YES;
				CLANG_WARN_OBJC_ROOT_CLASS = YES_ERROR;
				CLANG_WARN_QUOTED_INCLUDE_IN_FRAMEWORK_HEADER = YES;
				CLANG_WARN_RANGE_LOOP_ANALYSIS = YES;
				CLANG_WARN_STRICT_PROTOTYPES = YES;
				CLANG_WARN_SUSPICIOUS_MOVE = YES;
				CLANG_WARN_UNGUARDED_AVAILABILITY = YES_AGGRESSIVE;
				CLANG_WARN_UNREACHABLE_CODE = YES;
				CLANG_WARN__DUPLICATE_METHOD_MATCH = YES;
				CODE_SIGN_STYLE = Automatic;
				COPY_PHASE_STRIP = NO;
				DEBUG_INFORMATION_FORMAT = "dwarf-with-dsym";
				DEVELOPMENT_TEAM = "";
				ENABLE_NS_ASSERTIONS = NO;
				ENABLE_STRICT_OBJC_MSGSEND = YES;
				ENABLE_USER_SCRIPT_SANDBOXING = NO;
				GCC_C_LANGUAGE_STANDARD = gnu11;
				GCC_NO_COMMON_BLOCKS = YES;
				GCC_WARN_64_TO_32_BIT_CONVERSION = YES;
				GCC_WARN_ABOUT_RETURN_TYPE = YES_ERROR;
				GCC_WARN_UNDECLARED_SELECTOR = YES;
				GCC_WARN_UNINITIALIZED_AUTOS = YES_AGGRESSIVE;
				GCC_WARN_UNUSED_FUNCTION = YES;
				GCC_WARN_UNUSED_VARIABLE = YES;
				IPHONEOS_DEPLOYMENT_TARGET = 18.0;
				MACOSX_DEPLOYMENT_TARGET = 14.0;
				MTL_ENABLE_DEBUG_INFO = NO;
				MTL_FAST_MATH = YES;
				PRODUCT_NAME = "$(TARGET_NAME)";
				SWIFT_COMPILATION_MODE = wholemodule;
				SWIFT_OPTIMIZATION_LEVEL = "-O";
				SWIFT_STRICT_CONCURRENCY = minimal;
				SWIFT_VERSION = 6.0;
			};
			name = Release;
		};
		C652C02EFD5D5AC7B2798746 /* Debug */ = {
			isa = XCBuildConfiguration;
			buildSettings = {
				COMBINE_HIDPI_IMAGES = YES;
				ENABLE_USER_SCRIPT_SANDBOXING = NO;
				FRAMEWORK_SEARCH_PATHS = (
					"$(inherited)",
					"\"Vendored\"",
				);
				LD_RUNPATH_SEARCH_PATHS = "$(SRCROOT)/Vendored/llama.xcframework/macos-arm64_x86_64";
				MACOSX_DEPLOYMENT_TARGET = 15.0;
				OTHER_LDFLAGS = "-ObjC";
				PRODUCT_BUNDLE_IDENTIFIER = com.iosllmbenchmark.yardstick;
				PRODUCT_NAME = yardstick;
				SDKROOT = macosx;
				SKIP_INSTALL = NO;
				SWIFT_STRICT_CONCURRENCY = minimal;
			};
			name = Debug;
		};
/* End XCBuildConfiguration section */

/* Begin XCConfigurationList section */
		4B3AC2AA499FC39BCA8D344C /* Build configuration list for PBXNativeTarget "yardstick" */ = {
			isa = XCConfigurationList;
			buildConfigurations = (
				C652C02EFD5D5AC7B2798746 /* Debug */,
				9333CDBF9664E81C750BD4FA /* Release */,
			);
			defaultConfigurationIsVisible = 0;
			defaultConfigurationName = Debug;
		};
		6A837790F5E9D10F4213501A /* Build configuration list for PBXProject "BenchmarkApp" */ = {
			isa = XCConfigurationList;
			buildConfigurations = (
				781D2950C1C5148C7DD0A60F /* Debug */,
				C5F152297A97752D816A8852 /* Release */,
			);
			defaultConfigurationIsVisible = 0;
			defaultConfigurationName = Debug;
		};
		6ED2A461277853EE475B0FBB /* Build configuration list for PBXNativeTarget "BenchmarkApp" */ = {
			isa = XCConfigurationList;
			buildConfigurations = (
				978CF249365CB4DF01D0DD67 /* Debug */,
				78EDFFFFFFFB3D2BFD416527 /* Release */,
			);
			defaultConfigurationIsVisible = 0;
			defaultConfigurationName = Debug;
		};
/* End XCConfigurationList section */

/* Begin XCLocalSwiftPackageReference section */
		1FA24253559F386509684D8D /* XCLocalSwiftPackageReference "Vendored/Anemll/anemll-swift-cli" */ = {
			isa = XCLocalSwiftPackageReference;
			relativePath = "Vendored/Anemll/anemll-swift-cli";
		};
/* End XCLocalSwiftPackageReference section */

/* Begin XCRemoteSwiftPackageReference section */
		222066378580FE50F7021006 /* XCRemoteSwiftPackageReference "mlx-swift-lm" */ = {
			isa = XCRemoteSwiftPackageReference;
			repositoryURL = "https://github.com/ml-explore/mlx-swift-lm";
			requirement = {
				branch = main;
				kind = branch;
			};
		};
		3CA1B107F9BEE92DC4D9485E /* XCRemoteSwiftPackageReference "swift-transformers" */ = {
			isa = XCRemoteSwiftPackageReference;
			repositoryURL = "https://github.com/huggingface/swift-transformers";
			requirement = {
				kind = upToNextMajorVersion;
				minimumVersion = 1.0.0;
			};
		};
		6ABDBD1AD4883A8815094867 /* XCRemoteSwiftPackageReference "executorch" */ = {
			isa = XCRemoteSwiftPackageReference;
			repositoryURL = "https://github.com/pytorch/executorch.git";
			requirement = {
				branch = "swiftpm-1.3.0.20260501";
				kind = branch;
			};
		};
		7552D4AA4A5594B14633A05C /* XCRemoteSwiftPackageReference "CoreML-LLM" */ = {
			isa = XCRemoteSwiftPackageReference;
			repositoryURL = "https://github.com/john-rocky/CoreML-LLM";
			requirement = {
				kind = upToNextMajorVersion;
				minimumVersion = 1.4.0;
			};
		};
		80DD55C85D3764D0D34ECC4E /* XCRemoteSwiftPackageReference "swift-huggingface" */ = {
			isa = XCRemoteSwiftPackageReference;
			repositoryURL = "https://github.com/huggingface/swift-huggingface";
			requirement = {
				kind = upToNextMajorVersion;
				minimumVersion = 0.8.1;
			};
		};
/* End XCRemoteSwiftPackageReference section */

/* Begin XCSwiftPackageProductDependency section */
		01FA12B5AFE994F6E0A44BB4 /* MLXLMCommon */ = {
			isa = XCSwiftPackageProductDependency;
			package = 222066378580FE50F7021006 /* XCRemoteSwiftPackageReference "mlx-swift-lm" */;
			productName = MLXLMCommon;
		};
		08015CC1FD43865B1B801A53 /* backend_xnnpack */ = {
			isa = XCSwiftPackageProductDependency;
			package = 6ABDBD1AD4883A8815094867 /* XCRemoteSwiftPackageReference "executorch" */;
			productName = backend_xnnpack;
		};
		10A02929ED5A1A7DF466BDD6 /* executorch */ = {
			isa = XCSwiftPackageProductDependency;
			package = 6ABDBD1AD4883A8815094867 /* XCRemoteSwiftPackageReference "executorch" */;
			productName = executorch;
		};
		1946F8E2583DCE11CFEA7AD8 /* HuggingFace */ = {
			isa = XCSwiftPackageProductDependency;
			package = 80DD55C85D3764D0D34ECC4E /* XCRemoteSwiftPackageReference "swift-huggingface" */;
			productName = HuggingFace;
		};
		1FD8537D6751D093C80921A9 /* CoreMLLLM */ = {
			isa = XCSwiftPackageProductDependency;
			package = 7552D4AA4A5594B14633A05C /* XCRemoteSwiftPackageReference "CoreML-LLM" */;
			productName = CoreMLLLM;
		};
		29AE3D43BC5F40FBC1105806 /* executorch_llm */ = {
			isa = XCSwiftPackageProductDependency;
			package = 6ABDBD1AD4883A8815094867 /* XCRemoteSwiftPackageReference "executorch" */;
			productName = executorch_llm;
		};
		41522D438C797371055C13FC /* Transformers */ = {
			isa = XCSwiftPackageProductDependency;
			package = 3CA1B107F9BEE92DC4D9485E /* XCRemoteSwiftPackageReference "swift-transformers" */;
			productName = Transformers;
		};
		41C557F6CC8047D69B9A3EF5 /* MLXLLM */ = {
			isa = XCSwiftPackageProductDependency;
			package = 222066378580FE50F7021006 /* XCRemoteSwiftPackageReference "mlx-swift-lm" */;
			productName = MLXLLM;
		};
		42211F46508DC5E51996CB45 /* executorch_llm */ = {
			isa = XCSwiftPackageProductDependency;
			package = 6ABDBD1AD4883A8815094867 /* XCRemoteSwiftPackageReference "executorch" */;
			productName = executorch_llm;
		};
		5E734E7640926D7B17DD6CC4 /* kernels_quantized */ = {
			isa = XCSwiftPackageProductDependency;
			package = 6ABDBD1AD4883A8815094867 /* XCRemoteSwiftPackageReference "executorch" */;
			productName = kernels_quantized;
		};
		5EDC2498FDF127EF2101F26B /* MLXLMCommon */ = {
			isa = XCSwiftPackageProductDependency;
			package = 222066378580FE50F7021006 /* XCRemoteSwiftPackageReference "mlx-swift-lm" */;
			productName = MLXLMCommon;
		};
		6AE7DCD576FA9CBF8CFF3AA8 /* backend_xnnpack */ = {
			isa = XCSwiftPackageProductDependency;
			package = 6ABDBD1AD4883A8815094867 /* XCRemoteSwiftPackageReference "executorch" */;
			productName = backend_xnnpack;
		};
		8B81C5E8FC5F3CAD804883A7 /* kernels_optimized */ = {
			isa = XCSwiftPackageProductDependency;
			package = 6ABDBD1AD4883A8815094867 /* XCRemoteSwiftPackageReference "executorch" */;
			productName = kernels_optimized;
		};
		94E0BEAFA16C6763A28522EB /* kernels_optimized */ = {
			isa = XCSwiftPackageProductDependency;
			package = 6ABDBD1AD4883A8815094867 /* XCRemoteSwiftPackageReference "executorch" */;
			productName = kernels_optimized;
		};
		992DB9CED2E82FFE8B146A31 /* AnemllCore */ = {
			isa = XCSwiftPackageProductDependency;
			productName = AnemllCore;
		};
		D9951B938519F9C6991F2B77 /* MLXLLM */ = {
			isa = XCSwiftPackageProductDependency;
			package = 222066378580FE50F7021006 /* XCRemoteSwiftPackageReference "mlx-swift-lm" */;
			productName = MLXLLM;
		};
		E083290449B341AB7921F544 /* kernels_quantized */ = {
			isa = XCSwiftPackageProductDependency;
			package = 6ABDBD1AD4883A8815094867 /* XCRemoteSwiftPackageReference "executorch" */;
			productName = kernels_quantized;
		};
		E1EE00212151957A2CF0EA1A /* HuggingFace */ = {
			isa = XCSwiftPackageProductDependency;
			package = 80DD55C85D3764D0D34ECC4E /* XCRemoteSwiftPackageReference "swift-huggingface" */;
			productName = HuggingFace;
		};
		E5271977FC951DC7C5EA72BD /* CoreMLLLM */ = {
			isa = XCSwiftPackageProductDependency;
			package = 7552D4AA4A5594B14633A05C /* XCRemoteSwiftPackageReference "CoreML-LLM" */;
			productName = CoreMLLLM;
		};
		EDFD6E7F34509B4DF2FC5D8D /* kernels_llm */ = {
			isa = XCSwiftPackageProductDependency;
			package = 6ABDBD1AD4883A8815094867 /* XCRemoteSwiftPackageReference "executorch" */;
			productName = kernels_llm;
		};
		F096C2521A8E6BB4A3275B51 /* Transformers */ = {
			isa = XCSwiftPackageProductDependency;
			package = 3CA1B107F9BEE92DC4D9485E /* XCRemoteSwiftPackageReference "swift-transformers" */;
			productName = Transformers;
		};
		F2F2A8942501B44FD74F06D0 /* kernels_llm */ = {
			isa = XCSwiftPackageProductDependency;
			package = 6ABDBD1AD4883A8815094867 /* XCRemoteSwiftPackageReference "executorch" */;
			productName = kernels_llm;
		};
		F472A90A338D866AA59AA6CC /* AnemllCore */ = {
			isa = XCSwiftPackageProductDependency;
			productName = AnemllCore;
		};
		F5E45AD0A479F8152D251911 /* executorch */ = {
			isa = XCSwiftPackageProductDependency;
			package = 6ABDBD1AD4883A8815094867 /* XCRemoteSwiftPackageReference "executorch" */;
			productName = executorch;
		};
/* End XCSwiftPackageProductDependency section */
	};
	rootObject = 7438C6BCDE05B3DCB62EB8B3 /* Project object */;
}
